
Microsoft Visual Studio Solution File, Format Version 12.00
# Visual Studio Version 16
VisualStudioVersion = 16.0.30128.74
MinimumVisualStudioVersion = 10.0.40219.1
Project("{8BC9CEB8-8B4A-11D0-8D11-00A0C91BC942}") = "QDockWidgetWindow", "QDockWidgetWindow.vcxproj", "{8096B2AC-7349-45ED-B87A-B63B7875A0E6}"
EndProject
Global
	GlobalSection(SolutionConfigurationPlatforms) = preSolution
		Debug|x64 = Debug|x64
		Release|x64 = Release|x64
	EndGlobalSection
	GlobalSection(ProjectConfigurationPlatforms) = postSolution
		{8096B2AC-7349-45ED-B87A-B63B7875A0E6}.Debug|x64.ActiveCfg = Debug|x64
		{8096B2AC-7349-45ED-B87A-B63B7875A0E6}.Debug|x64.Build.0 = Debug|x64
		{8096B2AC-7349-45ED-B87A-B63B7875A0E6}.Release|x64.ActiveCfg = Release|x64
		{8096B2AC-7349-45ED-B87A-B63B7875A0E6}.Release|x64.Build.0 = Release|x64
	EndGlobalSection
	GlobalSection(SolutionProperties) = preSolution
		HideSolutionNode = FALSE
	EndGlobalSection
	GlobalSection(ExtensibilityGlobals) = postSolution
		SolutionGuid = {24790D13-9C8D-4372-A00D-C2791E514283}
	EndGlobalSection
EndGlobal
